
Microsoft Visual Studio Solution File, Format Version 12.00
# Visual Studio Version 17
VisualStudioVersion = 17.9.34728.123
MinimumVisualStudioVersion = 10.0.40219.1
Project("{FAE04EC0-301F-11D3-BF4B-00C04F79EFBC}") = "csharp-functions", "csharp-functions\csharp-functions.csproj", "{5340B8E6-0397-4E6F-964D-6B8D7BFD43B0}"
EndProject
Project("{2150E333-8FDC-42A3-9474-1A3956D46DE8}") = "Elementi di soluzione", "Elementi di soluzione", "{41AD8214-D628-4E7D-B100-82C75CE093A5}"
	ProjectSection(SolutionItems) = preProject
		README.md = README.md
	EndProjectSection
EndProject
Global
	GlobalSection(SolutionConfigurationPlatforms) = preSolution
		Debug|Any CPU = Debug|Any CPU
		Release|Any CPU = Release|Any CPU
	EndGlobalSection
	GlobalSection(ProjectConfigurationPlatforms) = postSolution
		{5340B8E6-0397-4E6F-964D-6B8D7BFD43B0}.Debug|Any CPU.ActiveCfg = Debug|Any CPU
		{5340B8E6-0397-4E6F-964D-6B8D7BFD43B0}.Debug|Any CPU.Build.0 = Debug|Any CPU
		{5340B8E6-0397-4E6F-964D-6B8D7BFD43B0}.Release|Any CPU.ActiveCfg = Release|Any CPU
		{5340B8E6-0397-4E6F-964D-6B8D7BFD43B0}.Release|Any CPU.Build.0 = Release|Any CPU
	EndGlobalSection
	GlobalSection(SolutionProperties) = preSolution
		HideSolutionNode = FALSE
	EndGlobalSection
	GlobalSection(ExtensibilityGlobals) = postSolution
		SolutionGuid = {E66AA437-47C6-41E0-93B8-63F4D87E7029}
	EndGlobalSection
EndGlobal
